
Microsoft Visual Studio Solution File, Format Version 12.00
# Visual Studio Version 17
VisualStudioVersion = 17.1.32228.430
MinimumVisualStudioVersion = 10.0.40219.1
Project("{9A19103F-16F7-4668-BE54-9A1E7A4F7556}") = "Api", "Api\Api.csproj", "{1FBCC8E0-604A-4B3D-9847-CB13C319E8D5}"
EndProject
Project("{9A19103F-16F7-4668-BE54-9A1E7A4F7556}") = "Infrastructure", "Infrastructure\Infrastructure.csproj", "{B71B32C2-16A9-442F-9DF3-1F461B61FA3A}"
EndProject
Project("{9A19103F-16F7-4668-BE54-9A1E7A4F7556}") = "DAL", "DAL\DAL.csproj", "{508E82C7-0778-43C5-AED8-B204256F463A}"
EndProject
Project("{9A19103F-16F7-4668-BE54-9A1E7A4F7556}") = "Application", "Application\Application.csproj", "{49EB5029-D98A-4A1C-82A1-477260774E33}"
EndProject
Global
	GlobalSection(SolutionConfigurationPlatforms) = preSolution
		Debug|Any CPU = Debug|Any CPU
		Release|Any CPU = Release|Any CPU
	EndGlobalSection
	GlobalSection(ProjectConfigurationPlatforms) = postSolution
		{1FBCC8E0-604A-4B3D-9847-CB13C319E8D5}.Debug|Any CPU.ActiveCfg = Debug|Any CPU
		{1FBCC8E0-604A-4B3D-9847-CB13C319E8D5}.Debug|Any CPU.Build.0 = Debug|Any CPU
		{1FBCC8E0-604A-4B3D-9847-CB13C319E8D5}.Release|Any CPU.ActiveCfg = Release|Any CPU
		{1FBCC8E0-604A-4B3D-9847-CB13C319E8D5}.Release|Any CPU.Build.0 = Release|Any CPU
		{B71B32C2-16A9-442F-9DF3-1F461B61FA3A}.Debug|Any CPU.ActiveCfg = Debug|Any CPU
		{B71B32C2-16A9-442F-9DF3-1F461B61FA3A}.Debug|Any CPU.Build.0 = Debug|Any CPU
		{B71B32C2-16A9-442F-9DF3-1F461B61FA3A}.Release|Any CPU.ActiveCfg = Release|Any CPU
		{B71B32C2-16A9-442F-9DF3-1F461B61FA3A}.Release|Any CPU.Build.0 = Release|Any CPU
		{508E82C7-0778-43C5-AED8-B204256F463A}.Debug|Any CPU.ActiveCfg = Debug|Any CPU
		{508E82C7-0778-43C5-AED8-B204256F463A}.Debug|Any CPU.Build.0 = Debug|Any CPU
		{508E82C7-0778-43C5-AED8-B204256F463A}.Release|Any CPU.ActiveCfg = Release|Any CPU
		{508E82C7-0778-43C5-AED8-B204256F463A}.Release|Any CPU.Build.0 = Release|Any CPU
		{49EB5029-D98A-4A1C-82A1-477260774E33}.Debug|Any CPU.ActiveCfg = Debug|Any CPU
		{49EB5029-D98A-4A1C-82A1-477260774E33}.Debug|Any CPU.Build.0 = Debug|Any CPU
		{49EB5029-D98A-4A1C-82A1-477260774E33}.Release|Any CPU.ActiveCfg = Release|Any CPU
		{49EB5029-D98A-4A1C-82A1-477260774E33}.Release|Any CPU.Build.0 = Release|Any CPU
	EndGlobalSection
	GlobalSection(SolutionProperties) = preSolution
		HideSolutionNode = FALSE
	EndGlobalSection
	GlobalSection(ExtensibilityGlobals) = postSolution
		SolutionGuid = {4A4A5A3D-6191-49EA-AE70-E001DF13F6DE}
	EndGlobalSection
EndGlobal
